{
  "lockfile-version": 1,
  "manifest": {
    "schema-version": "1.11.0",
    "install": {
      "docker": {
        "pkg-path": "docker"
      },
      "docker-compose": {
        "pkg-path": "docker-compose"
      },
      "git": {
        "pkg-path": "git"
      },
      "go": {
        "pkg-path": "go"
      },
      "golangci-lint": {
        "pkg-path": "golangci-lint"
      },
      "jq": {
        "pkg-path": "jq"
      },
      "just": {
        "pkg-path": "just"
      }
    },
    "vars": {
      "BINARY_NAME": "disk-exporter",
      "CGO_ENABLED": "0",
      "DOCKER_IMAGE": "ghcr.io/cullenmcdermott/disk-exporter",
      "GO111MODULE": "on",
      "PROJECT_NAME": "disk-exporter"
    },
    "hook": {
      "on-activate": "# Workaround for glibc TLS race condition in GitHub Actions\nunset LD_AUDIT\n\nsetup_go_deps() {\n  local deps_flag=\"$FLOX_ENV_CACHE/.go_deps_installed\"\n  if [ ! -f \"$deps_flag\" ] && [ -f \"$FLOX_ENV_PROJECT/go.mod\" ]; then\n    go mod download && touch \"$deps_flag\"\n  fi\n}\n\nexport GOENV=\"${GOENV:-${FLOX_ENV_CACHE:-/tmp}/goenv}\"\nexport GOCACHE=\"${GOCACHE:-${FLOX_ENV_CACHE:-/tmp}/go-build}\"\nexport GOMODCACHE=\"${GOMODCACHE:-${FLOX_ENV_CACHE:-/tmp}/go/pkg/mod}\"\nmkdir -p \"$GOENV\" \"$GOCACHE\" \"$GOMODCACHE\"\n\nsetup_git_hooks() {\n  local hook_dir=\"$FLOX_ENV_PROJECT/.git/hooks\"\n  local hook_file=\"$hook_dir/pre-commit\"\n  local marker=\"# managed by flox\"\n  if [ -d \"$FLOX_ENV_PROJECT/.git\" ] && { [ ! -f \"$hook_file\" ] || grep -q \"$marker\" \"$hook_file\"; }; then\n    cat > \"$hook_file\" <<'HOOK'\n#!/usr/bin/env bash\n# managed by flox\nset -euo pipefail\nif ! command -v golangci-lint >/dev/null 2>&1; then\n  echo \"warning: golangci-lint not found, skipping pre-commit lint (activate flox env)\" >&2\n  exit 0\nfi\nexec golangci-lint run --new-from-rev=HEAD\nHOOK\n    chmod +x \"$hook_file\"\n  fi\n}\n\nsetup_go_deps\nsetup_git_hooks\ncd \"$FLOX_ENV_PROJECT\"\n"
    },
    "profile": {},
    "options": {}
  },
  "packages": [
    {
      "attr_path": "docker",
      "broken": false,
      "derivation": "/nix/store/a9a1pk99czqkj99mjdrg3d4ah2dsv8rk-docker-29.4.0.drv",
      "description": "Open source project to pack, ship and run any application as a lightweight container",
      "install_id": "docker",
      "license": "Apache-2.0",
      "locked_url": "https://github.com/flox/nixpkgs?rev=b12141ef619e0a9c1c84dc8c684040326f27cdcc",
      "name": "docker-29.4.0",
      "pname": "docker",
      "rev": "b12141ef619e0a9c1c84dc8c684040326f27cdcc",
      "rev_count": 982522,
      "rev_date": "2026-04-18T21:33:21Z",
      "scrape_date": "2026-04-21T06:03:20.396072Z",
      "stabilities": [
        "unstable"
      ],
      "unfree": false,
      "version": "29.4.0",
      "outputs_to_install": [
        "out"
      ],
      "outputs": {
        "out": "/nix/store/xd3ala37gimhl2s372q4x21ka7ipx7vd-docker-29.4.0"
      },
      "system": "aarch64-darwin",
      "group": "toplevel",
      "priority": 5
    },
    {
      "attr_path": "docker",
      "broken": false,
      "derivation": "/nix/store/ci8r0a82sjiasgncjqm5v4bmn1gp0n31-docker-29.4.0.drv",
      "description": "Open source project to pack, ship and run any application as a lightweight container",
      "install_id": "docker",
      "license": "Apache-2.0",
      "locked_url": "https://github.com/flox/nixpkgs?rev=b12141ef619e0a9c1c84dc8c684040326f27cdcc",
      "name": "docker-29.4.0",
      "pname": "docker",
      "rev": "b12141ef619e0a9c1c84dc8c684040326f27cdcc",
      "rev_count": 982522,
      "rev_date": "2026-04-18T21:33:21Z",
      "scrape_date": "2026-04-21T06:36:37.879078Z",
      "stabilities": [
        "unstable"
      ],
      "unfree": false,
      "version": "29.4.0",
      "outputs_to_install": [
        "out"
      ],
      "outputs": {
        "out": "/nix/store/y5n9y1r85jgxqnbpva0szlgars5qgmir-docker-29.4.0"
      },
      "system": "aarch64-linux",
      "group": "toplevel",
      "priority": 5
    },
    {
      "attr_path": "docker",
      "broken": false,
      "derivation": "/nix/store/n3djx2c4mr6fi8mlngjprspy7n11xzal-docker-29.4.0.drv",
      "description": "Open source project to pack, ship and run any application as a lightweight container",
      "install_id": "docker",
      "license": "Apache-2.0",
      "locked_url": "https://github.com/flox/nixpkgs?rev=b12141ef619e0a9c1c84dc8c684040326f27cdcc",
      "name": "docker-29.4.0",
      "pname": "docker",
      "rev": "b12141ef619e0a9c1c84dc8c684040326f27cdcc",
      "rev_count": 982522,
      "rev_date": "2026-04-18T21:33:21Z",
      "scrape_date": "2026-04-21T07:08:12.154575Z",
      "stabilities": [
        "unstable"
      ],
      "unfree": false,
      "version": "29.4.0",
      "outputs_to_install": [
        "out"
      ],
      "outputs": {
        "out": "/nix/store/54hvrnh8jc97m2mphq6kjwngv3bvy50c-docker-29.4.0"
      },
      "system": "x86_64-darwin",
      "group": "toplevel",
      "priority": 5
    },
    {
      "attr_path": "docker",
      "broken": false,
      "derivation": "/nix/store/2c14721626qpn3myawrz9886qg7xa5d8-docker-29.4.0.drv",
      "description": "Open source project to pack, ship and run any application as a lightweight container",
      "install_id": "docker",
      "license": "Apache-2.0",
      "locked_url": "https://github.com/flox/nixpkgs?rev=b12141ef619e0a9c1c84dc8c684040326f27cdcc",
      "name": "docker-29.4.0",
      "pname": "docker",
      "rev": "b12141ef619e0a9c1c84dc8c684040326f27cdcc",
      "rev_count": 982522,
      "rev_date": "2026-04-18T21:33:21Z",
      "scrape_date": "2026-04-21T07:44:40.200153Z",
      "stabilities": [
        "unstable"
      ],
      "unfree": false,
      "version": "29.4.0",
      "outputs_to_install": [
        "out"
      ],
      "outputs": {
        "out": "/nix/store/h2jllwy4mdbd4d1a0s310zzjpx53hyxa-docker-29.4.0"
      },
      "system": "x86_64-linux",
      "group": "toplevel",
      "priority": 5
    },
    {
      "attr_path": "docker-compose",
      "broken": false,
      "derivation": "/nix/store/71nimlbnj3qkpql2j93rjhy2lq2dcx74-docker-compose-5.0.2.drv",
      "description": "Docker CLI plugin to define and run multi-container applications with Docker",
      "install_id": "docker-compose",
      "license": "Apache-2.0",
      "locked_url": "https://github.com/flox/nixpkgs?rev=b12141ef619e0a9c1c84dc8c684040326f27cdcc",
      "name": "docker-compose-5.0.2",
      "pname": "docker-compose",
      "rev": "b12141ef619e0a9c1c84dc8c684040326f27cdcc",
      "rev_count": 982522,
      "rev_date": "2026-04-18T21:33:21Z",
      "scrape_date": "2026-04-21T06:03:20.396976Z",
      "stabilities": [
        "unstable"
      ],
      "unfree": false,
      "version": "5.0.2",
      "outputs_to_install": [
        "out"
      ],
      "outputs": {
        "out": "/nix/store/abyfn8bir01gmaaiqcjvfgfj9v70xks0-docker-compose-5.0.2"
      },
      "system": "aarch64-darwin",
      "group": "toplevel",
      "priority": 5
    },
    {
      "attr_path": "docker-compose",
      "broken": false,
      "derivation": "/nix/store/jcxazx5h3jv4j051z2ysxlbgvvgxjskk-docker-compose-5.0.2.drv",
      "description": "Docker CLI plugin to define and run multi-container applications with Docker",
      "install_id": "docker-compose",
      "license": "Apache-2.0",
      "locked_url": "https://github.com/flox/nixpkgs?rev=b12141ef619e0a9c1c84dc8c684040326f27cdcc",
      "name": "docker-compose-5.0.2",
      "pname": "docker-compose",
      "rev": "b12141ef619e0a9c1c84dc8c684040326f27cdcc",
      "rev_count": 982522,
      "rev_date": "2026-04-18T21:33:21Z",
      "scrape_date": "2026-04-21T06:36:37.880158Z",
      "stabilities": [
        "unstable"
      ],
      "unfree": false,
      "version": "5.0.2",
      "outputs_to_install": [
        "out"
      ],
      "outputs": {
        "out": "/nix/store/y43ffs66gzc8i8xgkfavjw9ygsklhccn-docker-compose-5.0.2"
      },
      "system": "aarch64-linux",
      "group": "toplevel",
      "priority": 5
    },
    {
      "attr_path": "docker-compose",
      "broken": false,
      "derivation": "/nix/store/20s31977b9h8bp6xvwsz2xagi1nbvcpz-docker-compose-5.0.2.drv",
      "description": "Docker CLI plugin to define and run multi-container applications with Docker",
      "install_id": "docker-compose",
      "license": "Apache-2.0",
      "locked_url": "https://github.com/flox/nixpkgs?rev=b12141ef619e0a9c1c84dc8c684040326f27cdcc",
      "name": "docker-compose-5.0.2",
      "pname": "docker-compose",
      "rev": "b12141ef619e0a9c1c84dc8c684040326f27cdcc",
      "rev_count": 982522,
      "rev_date": "2026-04-18T21:33:21Z",
      "scrape_date": "2026-04-21T07:08:12.155491Z",
      "stabilities": [
        "unstable"
      ],
      "unfree": false,
      "version": "5.0.2",
      "outputs_to_install": [
        "out"
      ],
      "outputs": {
        "out": "/nix/store/88yhzdihwjfk4f462nnxrzjrdlyhqsny-docker-compose-5.0.2"
      },
      "system": "x86_64-darwin",
      "group": "toplevel",
      "priority": 5
    },
    {
      "attr_path": "docker-compose",
      "broken": false,
      "derivation": "/nix/store/ann91mff71z24m601xqb6sbl6blg22sj-docker-compose-5.0.2.drv",
      "description": "Docker CLI plugin to define and run multi-container applications with Docker",
      "install_id": "docker-compose",
      "license": "Apache-2.0",
      "locked_url": "https://github.com/flox/nixpkgs?rev=b12141ef619e0a9c1c84dc8c684040326f27cdcc",
      "name": "docker-compose-5.0.2",
      "pname": "docker-compose",
      "rev": "b12141ef619e0a9c1c84dc8c684040326f27cdcc",
      "rev_count": 982522,
      "rev_date": "2026-04-18T21:33:21Z",
      "scrape_date": "2026-04-21T07:44:40.201296Z",
      "stabilities": [
        "unstable"
      ],
      "unfree": false,
      "version": "5.0.2",
      "outputs_to_install": [
        "out"
      ],
      "outputs": {
        "out": "/nix/store/hpsqwn4k0b5zh79wxqsx7nd0rsij22v9-docker-compose-5.0.2"
      },
      "system": "x86_64-linux",
      "group": "toplevel",
      "priority": 5
    },
    {
      "attr_path": "git",
      "broken": false,
      "derivation": "/nix/store/a8629rgwrbmn2xfdidnvgv8zbzz51q9c-git-2.53.0.drv",
      "description": "Distributed version control system",
      "install_id": "git",
      "license": "GPL-2.0",
      "locked_url": "https://github.com/flox/nixpkgs?rev=b12141ef619e0a9c1c84dc8c684040326f27cdcc",
      "name": "git-2.53.0",
      "pname": "git",
      "rev": "b12141ef619e0a9c1c84dc8c684040326f27cdcc",
      "rev_count": 982522,
      "rev_date": "2026-04-18T21:33:21Z",
      "scrape_date": "2026-04-21T06:03:20.971890Z",
      "stabilities": [
        "unstable"
      ],
      "unfree": false,
      "version": "2.53.0",
      "outputs_to_install": [
        "out",
        "out"
      ],
      "outputs": {
        "doc": "/nix/store/xp9w7bcl4c78268kn82qdayqglj0zdxa-git-2.53.0-doc",
        "out": "/nix/store/6qbj40r0s289k5slmy8yna5x2hfz01wg-git-2.53.0"
      },
      "system": "aarch64-darwin",
      "group": "toplevel",
      "priority": 5
    },
    {
      "attr_path": "git",
      "broken": false,
      "derivation": "/nix/store/j67ynmph0ygnfh67rq6lf4wq4n4v5kmi-git-2.53.0.drv",
      "description": "Distributed version control system",
      "install_id": "git",
      "license": "GPL-2.0",
      "locked_url": "https://github.com/flox/nixpkgs?rev=b12141ef619e0a9c1c84dc8c684040326f27cdcc",
      "name": "git-2.53.0",
      "pname": "git",
      "rev": "b12141ef619e0a9c1c84dc8c684040326f27cdcc",
      "rev_count": 982522,
      "rev_date": "2026-04-18T21:33:21Z",
      "scrape_date": "2026-04-21T06:36:38.779284Z",
      "stabilities": [
        "unstable"
      ],
      "unfree": false,
      "version": "2.53.0",
      "outputs_to_install": [
        "out",
        "out"
      ],
      "outputs": {
        "debug": "/nix/store/gaj4q67pid2pcy9nvh2ysv4728wxj5m4-git-2.53.0-debug",
        "doc": "/nix/store/9mrg9g0w2b4cfdppq3n4zvhkvyixvqpx-git-2.53.0-doc",
        "out": "/nix/store/0vbb6j0ppx1w8cw28h7w8s2dzla9j3m6-git-2.53.0"
      },
      "system": "aarch64-linux",
      "group": "toplevel",
      "priority": 5
    },
    {
      "attr_path": "git",
      "broken": false,
      "derivation": "/nix/store/j1qp6x7kjzps81gq0jmisyvvlgp0vr4p-git-2.53.0.drv",
      "description": "Distributed version control system",
      "install_id": "git",
      "license": "GPL-2.0",
      "locked_url": "https://github.com/flox/nixpkgs?rev=b12141ef619e0a9c1c84dc8c684040326f27cdcc",
      "name": "git-2.53.0",
      "pname": "git",
      "rev": "b12141ef619e0a9c1c84dc8c684040326f27cdcc",
      "rev_count": 982522,
      "rev_date": "2026-04-18T21:33:21Z",
      "scrape_date": "2026-04-21T07:08:12.818666Z",
      "stabilities": [
        "unstable"
      ],
      "unfree": false,
      "version": "2.53.0",
      "outputs_to_install": [
        "out",
        "out"
      ],
      "outputs": {
        "doc": "/nix/store/yi2mi426la2x7rggv0a0ah11s2dangz4-git-2.53.0-doc",
        "out": "/nix/store/2q2hzaclp1rsj65h21lng7wa26vawhnq-git-2.53.0"
      },
      "system": "x86_64-darwin",
      "group": "toplevel",
      "priority": 5
    },
    {
      "attr_path": "git",
      "broken": false,
      "derivation": "/nix/store/j0h35cv7avh30rlzsy4a17a77mgdz9a0-git-2.53.0.drv",
      "description": "Distributed version control system",
      "install_id": "git",
      "license": "GPL-2.0",
      "locked_url": "https://github.com/flox/nixpkgs?rev=b12141ef619e0a9c1c84dc8c684040326f27cdcc",
      "name": "git-2.53.0",
      "pname": "git",
      "rev": "b12141ef619e0a9c1c84dc8c684040326f27cdcc",
      "rev_count": 982522,
      "rev_date": "2026-04-18T21:33:21Z",
      "scrape_date": "2026-04-21T07:44:41.279358Z",
      "stabilities": [
        "unstable"
      ],
      "unfree": false,
      "version": "2.53.0",
      "outputs_to_install": [
        "out",
        "out",
        "out",
        "out"
      ],
      "outputs": {
        "debug": "/nix/store/9xs1n97fsdbgnk8cxbdx3hqlz6fdaynb-git-2.53.0-debug",
        "doc": "/nix/store/rv7cz5lz1qmbdnh3zrpv0j0wa5ivaacq-git-2.53.0-doc",
        "out": "/nix/store/7yvcckar1lzhqnr0xx2n19nsdjd4qa4d-git-2.53.0"
      },
      "system": "x86_64-linux",
      "group": "toplevel",
      "priority": 5
    },
    {
      "attr_path": "go",
      "broken": false,
      "derivation": "/nix/store/jj5lr2n85rl99d40dcgvv8kh4p37i47d-go-1.26.1.drv",
      "description": "Go Programming language",
      "install_id": "go",
      "license": "BSD-3-Clause",
      "locked_url": "https://github.com/flox/nixpkgs?rev=b12141ef619e0a9c1c84dc8c684040326f27cdcc",
      "name": "go-1.26.1",
      "pname": "go",
      "rev": "b12141ef619e0a9c1c84dc8c684040326f27cdcc",
      "rev_count": 982522,
      "rev_date": "2026-04-18T21:33:21Z",
      "scrape_date": "2026-04-21T06:03:21.106491Z",
      "stabilities": [
        "unstable"
      ],
      "unfree": false,
      "version": "1.26.1",
      "outputs_to_install": [
        "out"
      ],
      "outputs": {
        "out": "/nix/store/kh43nhaz1qcpwws2xq805lrmwpmn9i3k-go-1.26.1"
      },
      "system": "aarch64-darwin",
      "group": "toplevel",
      "priority": 5
    },
    {
      "attr_path": "go",
      "broken": false,
      "derivation": "/nix/store/bgblqd7l0v7x7s504csalw9b5vwf4czc-go-1.26.1.drv",
      "description": "Go Programming language",
      "install_id": "go",
      "license": "BSD-3-Clause",
      "locked_url": "https://github.com/flox/nixpkgs?rev=b12141ef619e0a9c1c84dc8c684040326f27cdcc",
      "name": "go-1.26.1",
      "pname": "go",
      "rev": "b12141ef619e0a9c1c84dc8c684040326f27cdcc",
      "rev_count": 982522,
      "rev_date": "2026-04-18T21:33:21Z",
      "scrape_date": "2026-04-21T06:36:39.493796Z",
      "stabilities": [
        "unstable"
      ],
      "unfree": false,
      "version": "1.26.1",
      "outputs_to_install": [
        "out"
      ],
      "outputs": {
        "out": "/nix/store/rz1pqbm5z3zfby250i0djfmfzzj7khg9-go-1.26.1"
      },
      "system": "aarch64-linux",
      "group": "toplevel",
      "priority": 5
    },
    {
      "attr_path": "go",
      "broken": false,
      "derivation": "/nix/store/pcwra0rv1n0pq3r6sjlc6sx6a0bv499x-go-1.26.1.drv",
      "description": "Go Programming language",
      "install_id": "go",
      "license": "BSD-3-Clause",
      "locked_url": "https://github.com/flox/nixpkgs?rev=b12141ef619e0a9c1c84dc8c684040326f27cdcc",
      "name": "go-1.26.1",
      "pname": "go",
      "rev": "b12141ef619e0a9c1c84dc8c684040326f27cdcc",
      "rev_count": 982522,
      "rev_date": "2026-04-18T21:33:21Z",
      "scrape_date": "2026-04-21T07:08:12.974305Z",
      "stabilities": [
        "unstable"
      ],
      "unfree": false,
      "version": "1.26.1",
      "outputs_to_install": [
        "out"
      ],
      "outputs": {
        "out": "/nix/store/yv6jj27racylbfjw6a1cdr91ndxbgyf6-go-1.26.1"
      },
      "system": "x86_64-darwin",
      "group": "toplevel",
      "priority": 5
    },
    {
      "attr_path": "go",
      "broken": false,
      "derivation": "/nix/store/f7rh1lw0shd5471j9y6wpvc2j43czglz-go-1.26.1.drv",
      "description": "Go Programming language",
      "install_id": "go",
      "license": "BSD-3-Clause",
      "locked_url": "https://github.com/flox/nixpkgs?rev=b12141ef619e0a9c1c84dc8c684040326f27cdcc",
      "name": "go-1.26.1",
      "pname": "go",
      "rev": "b12141ef619e0a9c1c84dc8c684040326f27cdcc",
      "rev_count": 982522,
      "rev_date": "2026-04-18T21:33:21Z",
      "scrape_date": "2026-04-21T07:44:42.019006Z",
      "stabilities": [
        "unstable"
      ],
      "unfree": false,
      "version": "1.26.1",
      "outputs_to_install": [
        "out",
        "out"
      ],
      "outputs": {
        "out": "/nix/store/ckcq2mj8zk0drhaaacy6mp9d924hnr4m-go-1.26.1"
      },
      "system": "x86_64-linux",
      "group": "toplevel",
      "priority": 5
    },
    {
      "attr_path": "golangci-lint",
      "broken": false,
      "derivation": "/nix/store/yhb07d2wsdwxsqvmvhbqf20pjckshv4v-golangci-lint-2.11.4.drv",
      "description": "Fast linters Runner for Go",
      "install_id": "golangci-lint",
      "license": "GPL-3.0-or-later",
      "locked_url": "https://github.com/flox/nixpkgs?rev=b12141ef619e0a9c1c84dc8c684040326f27cdcc",
      "name": "golangci-lint-2.11.4",
      "pname": "golangci-lint",
      "rev": "b12141ef619e0a9c1c84dc8c684040326f27cdcc",
      "rev_count": 982522,
      "rev_date": "2026-04-18T21:33:21Z",
      "scrape_date": "2026-04-21T06:03:21.170369Z",
      "stabilities": [
        "unstable"
      ],
      "unfree": false,
      "version": "2.11.4",
      "outputs_to_install": [
        "out"
      ],
      "outputs": {
        "out": "/nix/store/zjhq23zqjjlyclylkwvny6s7qzcq56n4-golangci-lint-2.11.4"
      },
      "system": "aarch64-darwin",
      "group": "toplevel",
      "priority": 5
    },
    {
      "attr_path": "golangci-lint",
      "broken": false,
      "derivation": "/nix/store/vknh40qizw72lnwiv90cyab3m8da4dvb-golangci-lint-2.11.4.drv",
      "description": "Fast linters Runner for Go",
      "install_id": "golangci-lint",
      "license": "GPL-3.0-or-later",
      "locked_url": "https://github.com/flox/nixpkgs?rev=b12141ef619e0a9c1c84dc8c684040326f27cdcc",
      "name": "golangci-lint-2.11.4",
      "pname": "golangci-lint",
      "rev": "b12141ef619e0a9c1c84dc8c684040326f27cdcc",
      "rev_count": 982522,
      "rev_date": "2026-04-18T21:33:21Z",
      "scrape_date": "2026-04-21T06:36:39.591928Z",
      "stabilities": [
        "unstable"
      ],
      "unfree": false,
      "version": "2.11.4",
      "outputs_to_install": [
        "out"
      ],
      "outputs": {
        "out": "/nix/store/6rnv5q31z65m0cx0gsclybizgly224r8-golangci-lint-2.11.4"
      },
      "system": "aarch64-linux",
      "group": "toplevel",
      "priority": 5
    },
    {
      "attr_path": "golangci-lint",
      "broken": false,
      "derivation": "/nix/store/qclqnf46p70n30fya545xnkjxjsjf7bx-golangci-lint-2.11.4.drv",
      "description": "Fast linters Runner for Go",
      "install_id": "golangci-lint",
      "license": "GPL-3.0-or-later",
      "locked_url": "https://github.com/flox/nixpkgs?rev=b12141ef619e0a9c1c84dc8c684040326f27cdcc",
      "name": "golangci-lint-2.11.4",
      "pname": "golangci-lint",
      "rev": "b12141ef619e0a9c1c84dc8c684040326f27cdcc",
      "rev_count": 982522,
      "rev_date": "2026-04-18T21:33:21Z",
      "scrape_date": "2026-04-21T07:08:13.039316Z",
      "stabilities": [
        "unstable"
      ],
      "unfree": false,
      "version": "2.11.4",
      "outputs_to_install": [
        "out"
      ],
      "outputs": {
        "out": "/nix/store/laj0sxwhanwj9nk8hnsqzsj1b141z2bm-golangci-lint-2.11.4"
      },
      "system": "x86_64-darwin",
      "group": "toplevel",
      "priority": 5
    },
    {
      "attr_path": "golangci-lint",
      "broken": false,
      "derivation": "/nix/store/6hc83ga5aylvdpjy3fbajcqr2k75d52v-golangci-lint-2.11.4.drv",
      "description": "Fast linters Runner for Go",
      "install_id": "golangci-lint",
      "license": "GPL-3.0-or-later",
      "locked_url": "https://github.com/flox/nixpkgs?rev=b12141ef619e0a9c1c84dc8c684040326f27cdcc",
      "name": "golangci-lint-2.11.4",
      "pname": "golangci-lint",
      "rev": "b12141ef619e0a9c1c84dc8c684040326f27cdcc",
      "rev_count": 982522,
      "rev_date": "2026-04-18T21:33:21Z",
      "scrape_date": "2026-04-21T07:44:42.123876Z",
      "stabilities": [
        "unstable"
      ],
      "unfree": false,
      "version": "2.11.4",
      "outputs_to_install": [
        "out"
      ],
      "outputs": {
        "out": "/nix/store/j4w0z1lgrs4fdds7npk2bnby5ks612cf-golangci-lint-2.11.4"
      },
      "system": "x86_64-linux",
      "group": "toplevel",
      "priority": 5
    },
    {
      "attr_path": "jq",
      "broken": false,
      "derivation": "/nix/store/y1glsdj47nwma5cg6gkwxaidlcqdvmv1-jq-1.8.1.drv",
      "description": "Lightweight and flexible command-line JSON processor",
      "install_id": "jq",
      "license": "MIT",
      "locked_url": "https://github.com/flox/nixpkgs?rev=b12141ef619e0a9c1c84dc8c684040326f27cdcc",
      "name": "jq-1.8.1",
      "pname": "jq",
      "rev": "b12141ef619e0a9c1c84dc8c684040326f27cdcc",
      "rev_count": 982522,
      "rev_date": "2026-04-18T21:33:21Z",
      "scrape_date": "2026-04-21T06:03:36.263415Z",
      "stabilities": [
        "unstable"
      ],
      "unfree": false,
      "version": "1.8.1",
      "outputs_to_install": [
        "bin",
        "bin",
        "bin",
        "man",
        "man",
        "man"
      ],
      "outputs": {
        "bin": "/nix/store/bb450vb2gl547zwba8sihcyilsg2rqfa-jq-1.8.1-bin",
        "dev": "/nix/store/irxgyhi0rq34f2y721a26ii09nynq2ha-jq-1.8.1-dev",
        "doc": "/nix/store/rnkk37licxmcicz44sm368bk2fsrk52j-jq-1.8.1-doc",
        "man": "/nix/store/vs96fwfhd5gjycxs5yc58wkrizscww92-jq-1.8.1-man",
        "out": "/nix/store/y4gq3lbz2nq75cl3v28ixrqrr90pk4lf-jq-1.8.1"
      },
      "system": "aarch64-darwin",
      "group": "toplevel",
      "priority": 5
    },
    {
      "attr_path": "jq",
      "broken": false,
      "derivation": "/nix/store/r7xkf6ii1frn2kcdwb48mbwbvikldhmy-jq-1.8.1.drv",
      "description": "Lightweight and flexible command-line JSON processor",
      "install_id": "jq",
      "license": "MIT",
      "locked_url": "https://github.com/flox/nixpkgs?rev=b12141ef619e0a9c1c84dc8c684040326f27cdcc",
      "name": "jq-1.8.1",
      "pname": "jq",
      "rev": "b12141ef619e0a9c1c84dc8c684040326f27cdcc",
      "rev_count": 982522,
      "rev_date": "2026-04-18T21:33:21Z",
      "scrape_date": "2026-04-21T06:36:58.600239Z",
      "stabilities": [
        "unstable"
      ],
      "unfree": false,
      "version": "1.8.1",
      "outputs_to_install": [
        "bin",
        "bin",
        "bin",
        "man",
        "man"
      ],
      "outputs": {
        "bin": "/nix/store/h68aklwk28xbrg7pqaw078w1hvvvf419-jq-1.8.1-bin",
        "dev": "/nix/store/kzsszlf69lndqilpgysw1j9b4hrfwjfx-jq-1.8.1-dev",
        "doc": "/nix/store/rr0a4brsd47393640zn9zgw844rbkrsl-jq-1.8.1-doc",
        "man": "/nix/store/l4npc0sgk51lz2d6jqnl4r18hmn6qckr-jq-1.8.1-man",
        "out": "/nix/store/5jf55qkwrnd769ri9wxiy7z9kp5zb4ca-jq-1.8.1"
      },
      "system": "aarch64-linux",
      "group": "toplevel",
      "priority": 5
    },
    {
      "attr_path": "jq",
      "broken": false,
      "derivation": "/nix/store/j7s0v2z7qngwmszf6cl59d80w2bankzf-jq-1.8.1.drv",
      "description": "Lightweight and flexible command-line JSON processor",
      "install_id": "jq",
      "license": "MIT",
      "locked_url": "https://github.com/flox/nixpkgs?rev=b12141ef619e0a9c1c84dc8c684040326f27cdcc",
      "name": "jq-1.8.1",
      "pname": "jq",
      "rev": "b12141ef619e0a9c1c84dc8c684040326f27cdcc",
      "rev_count": 982522,
      "rev_date": "2026-04-18T21:33:21Z",
      "scrape_date": "2026-04-21T07:08:28.710336Z",
      "stabilities": [
        "unstable"
      ],
      "unfree": false,
      "version": "1.8.1",
      "outputs_to_install": [
        "bin",
        "bin",
        "man",
        "man"
      ],
      "outputs": {
        "bin": "/nix/store/y699jyfkqhj7lm51zdxm1df28izg6zgj-jq-1.8.1-bin",
        "dev": "/nix/store/681w0vijzacwyhcwylkvbppd4kps33fw-jq-1.8.1-dev",
        "doc": "/nix/store/2bvvha8apma6crzhsnpjrghnjbjj6hpm-jq-1.8.1-doc",
        "man": "/nix/store/0h261wdn6mlrn564adwhyw52a2dfnbg5-jq-1.8.1-man",
        "out": "/nix/store/44i56yshwqwgw912idz0m9zx30d1xg8z-jq-1.8.1"
      },
      "system": "x86_64-darwin",
      "group": "toplevel",
      "priority": 5
    },
    {
      "attr_path": "jq",
      "broken": false,
      "derivation": "/nix/store/0vb08cn5pf24mzjbibpc7n37g62lacfj-jq-1.8.1.drv",
      "description": "Lightweight and flexible command-line JSON processor",
      "install_id": "jq",
      "license": "MIT",
      "locked_url": "https://github.com/flox/nixpkgs?rev=b12141ef619e0a9c1c84dc8c684040326f27cdcc",
      "name": "jq-1.8.1",
      "pname": "jq",
      "rev": "b12141ef619e0a9c1c84dc8c684040326f27cdcc",
      "rev_count": 982522,
      "rev_date": "2026-04-18T21:33:21Z",
      "scrape_date": "2026-04-21T07:45:02.461683Z",
      "stabilities": [
        "unstable"
      ],
      "unfree": false,
      "version": "1.8.1",
      "outputs_to_install": [
        "bin",
        "bin",
        "bin",
        "bin",
        "bin",
        "man"
      ],
      "outputs": {
        "bin": "/nix/store/fc13hvlj7541i1xmwdka7f61qicdzr5a-jq-1.8.1-bin",
        "dev": "/nix/store/plinh1rzkh83n4gfpkxl748zgaydpxll-jq-1.8.1-dev",
        "doc": "/nix/store/ihgrvb9w91mwbhxx3fi3gcwwx3qlsdfv-jq-1.8.1-doc",
        "man": "/nix/store/crwv17pim6csnfr4jmsd7kf60sp3c5dh-jq-1.8.1-man",
        "out": "/nix/store/s4w1j16dj8wyriv1ljfypr9s1r39yjwp-jq-1.8.1"
      },
      "system": "x86_64-linux",
      "group": "toplevel",
      "priority": 5
    },
    {
      "attr_path": "just",
      "broken": false,
      "derivation": "/nix/store/7nmp9ysgqyb1z31blskdjiaadpl7mza1-just-1.49.0.drv",
      "description": "Handy way to save and run project-specific commands",
      "install_id": "just",
      "license": "CC0-1.0",
      "locked_url": "https://github.com/flox/nixpkgs?rev=b12141ef619e0a9c1c84dc8c684040326f27cdcc",
      "name": "just-1.49.0",
      "pname": "just",
      "rev": "b12141ef619e0a9c1c84dc8c684040326f27cdcc",
      "rev_count": 982522,
      "rev_date": "2026-04-18T21:33:21Z",
      "scrape_date": "2026-04-21T06:03:36.388713Z",
      "stabilities": [
        "unstable"
      ],
      "unfree": false,
      "version": "1.49.0",
      "outputs_to_install": [
        "man",
        "out"
      ],
      "outputs": {
        "doc": "/nix/store/85nkcgs1npazz9vv5py7fsmsd0pwi4fq-just-1.49.0-doc",
        "man": "/nix/store/ak601qc8jlqgry365b2qkxf6bwf9prk2-just-1.49.0-man",
        "out": "/nix/store/3ppl78czibxlxv105jf0rr64j577pr4m-just-1.49.0"
      },
      "system": "aarch64-darwin",
      "group": "toplevel",
      "priority": 5
    },
    {
      "attr_path": "just",
      "broken": false,
      "derivation": "/nix/store/a1cvfh4zxqwiyh8lfl3gzd1sich74dxj-just-1.49.0.drv",
      "description": "Handy way to save and run project-specific commands",
      "install_id": "just",
      "license": "CC0-1.0",
      "locked_url": "https://github.com/flox/nixpkgs?rev=b12141ef619e0a9c1c84dc8c684040326f27cdcc",
      "name": "just-1.49.0",
      "pname": "just",
      "rev": "b12141ef619e0a9c1c84dc8c684040326f27cdcc",
      "rev_count": 982522,
      "rev_date": "2026-04-18T21:33:21Z",
      "scrape_date": "2026-04-21T06:36:58.750213Z",
      "stabilities": [
        "unstable"
      ],
      "unfree": false,
      "version": "1.49.0",
      "outputs_to_install": [
        "man",
        "out"
      ],
      "outputs": {
        "doc": "/nix/store/8frnfmjxfx5j6s6nm07f1gql65rnp4ca-just-1.49.0-doc",
        "man": "/nix/store/xki5ypl7rn4z3rv4phc8p67jr0i7qjx4-just-1.49.0-man",
        "out": "/nix/store/g3pd2f4889gj7ww75cnwhdmwhpirlwn0-just-1.49.0"
      },
      "system": "aarch64-linux",
      "group": "toplevel",
      "priority": 5
    },
    {
      "attr_path": "just",
      "broken": false,
      "derivation": "/nix/store/ka8a2bzxsfj3hjpbz33240kqr9kdm4fj-just-1.49.0.drv",
      "description": "Handy way to save and run project-specific commands",
      "install_id": "just",
      "license": "CC0-1.0",
      "locked_url": "https://github.com/flox/nixpkgs?rev=b12141ef619e0a9c1c84dc8c684040326f27cdcc",
      "name": "just-1.49.0",
      "pname": "just",
      "rev": "b12141ef619e0a9c1c84dc8c684040326f27cdcc",
      "rev_count": 982522,
      "rev_date": "2026-04-18T21:33:21Z",
      "scrape_date": "2026-04-21T07:08:28.829867Z",
      "stabilities": [
        "unstable"
      ],
      "unfree": false,
      "version": "1.49.0",
      "outputs_to_install": [
        "man",
        "out"
      ],
      "outputs": {
        "doc": "/nix/store/g5393z3mjgv4cp41wzr295cssh8bc2d0-just-1.49.0-doc",
        "man": "/nix/store/n84l71d8z4kbcd8aw4ms9hvg8xsx1vz8-just-1.49.0-man",
        "out": "/nix/store/3rq5pfm34isbxlh7ip39ynj5czf2fypi-just-1.49.0"
      },
      "system": "x86_64-darwin",
      "group": "toplevel",
      "priority": 5
    },
    {
      "attr_path": "just",
      "broken": false,
      "derivation": "/nix/store/51vjxyvi3d6ch7zm6n037ksqhg1ziq4i-just-1.49.0.drv",
      "description": "Handy way to save and run project-specific commands",
      "install_id": "just",
      "license": "CC0-1.0",
      "locked_url": "https://github.com/flox/nixpkgs?rev=b12141ef619e0a9c1c84dc8c684040326f27cdcc",
      "name": "just-1.49.0",
      "pname": "just",
      "rev": "b12141ef619e0a9c1c84dc8c684040326f27cdcc",
      "rev_count": 982522,
      "rev_date": "2026-04-18T21:33:21Z",
      "scrape_date": "2026-04-21T07:45:02.643925Z",
      "stabilities": [
        "unstable"
      ],
      "unfree": false,
      "version": "1.49.0",
      "outputs_to_install": [
        "man",
        "out"
      ],
      "outputs": {
        "doc": "/nix/store/npllcp9kp3m79hff6mzlbzpyys0z3jd7-just-1.49.0-doc",
        "man": "/nix/store/hrhxhkyhafrp0rkpcfr2qhvyl2y6fc2i-just-1.49.0-man",
        "out": "/nix/store/y07l22fq8wvg4wdf6anb0s6cljmsfs73-just-1.49.0"
      },
      "system": "x86_64-linux",
      "group": "toplevel",
      "priority": 5
    }
  ]
}
